
Microsoft Visual Studio Solution File, Format Version 12.00
# Visual Studio Version 17
VisualStudioVersion = 17.14.37301.10 d17.14
MinimumVisualStudioVersion = 10.0.40219.1
Project("{FAE04EC0-301F-11D3-BF4B-00C04F79EFBC}") = "HamiPdf", "HamiPdf.csproj", "{FC9DE925-443B-4D57-BF00-45413101AF05}"
EndProject
Global
	GlobalSection(SolutionConfigurationPlatforms) = preSolution
		Debug|Any CPU = Debug|Any CPU
		Release|Any CPU = Release|Any CPU
	EndGlobalSection
	GlobalSection(ProjectConfigurationPlatforms) = postSolution
		{FC9DE925-443B-4D57-BF00-45413101AF05}.Debug|Any CPU.ActiveCfg = Debug|Any CPU
		{FC9DE925-443B-4D57-BF00-45413101AF05}.Debug|Any CPU.Build.0 = Debug|Any CPU
		{FC9DE925-443B-4D57-BF00-45413101AF05}.Release|Any CPU.ActiveCfg = Release|Any CPU
		{FC9DE925-443B-4D57-BF00-45413101AF05}.Release|Any CPU.Build.0 = Release|Any CPU
	EndGlobalSection
	GlobalSection(SolutionProperties) = preSolution
		HideSolutionNode = FALSE
	EndGlobalSection
	GlobalSection(ExtensibilityGlobals) = postSolution
		SolutionGuid = {25EBC5FD-CAC0-476F-B95D-44B319C9E27A}
	EndGlobalSection
EndGlobal
